{
    "name": "workspace",
    "version": "0.1.0",
    "lockfileVersion": 3,
    "requires": true,
    "packages": {
        "": {
            "name": "workspace",
            "version": "0.1.0",
            "devDependencies": {
                "@types/node": "^12.11.7",
                "@types/vscode": "^1.51.0",
                "typescript": "^5.2.2"
            },
            "engines": {
                "vscode": "^1.51.0"
            }
        },
        "node_modules/@types/node": {
            "version": "12.12.18",
            "resolved": "https://registry.npmjs.org/@types/node/-/node-12.12.18.tgz",
            "integrity": "sha512-DBkZuIMFuAfjJHiunyRc+aNvmXYNwV1IPMgGKGlwCp6zh6MKrVtmvjSWK/axWcD25KJffkXgkfvFra8ndenXAw==",
            "dev": true
        },
        "node_modules/@types/vscode": {
            "version": "1.83.1",
            "resolved": "https://registry.npmjs.org/@types/vscode/-/vscode-1.83.1.tgz",
            "integrity": "sha512-BHu51NaNKOtDf3BOonY3sKFFmZKEpRkzqkZVpSYxowLbs5JqjOQemYFob7Gs5rpxE5tiGhfpnMpcdF/oKrLg4w==",
            "dev": true
        },
        "node_modules/typescript": {
            "version": "5.2.2",
            "resolved": "https://registry.npmjs.org/typescript/-/typescript-5.2.2.tgz",
            "integrity": "sha512-mI4WrpHsbCIcwT9cF4FZvr80QUeKvsUsUvKDoR+X/7XHQH98xYD8YHZg7ANtz2GtZt/CBq2QJ0thkGJMHfqc1w==",
            "dev": true,
            "bin": {
                "tsc": "bin/tsc",
                "tsserver": "bin/tsserver"
            },
            "engines": {
                "node": ">=14.17"
            }
        }
    }
}
